
Microsoft Visual Studio Solution File, Format Version 12.00
# Visual Studio Version 17
VisualStudioVersion = 17.2.32505.173
MinimumVisualStudioVersion = 10.0.40219.1
Project("{FAE04EC0-301F-11D3-BF4B-00C04F79EFBC}") = "L01.  CountSameValuesInArray", "01.  CountSameValuesInArray\L01.  CountSameValuesInArray.csproj", "{4E9C9E28-B668-4FF2-B077-1243C511F705}"
EndProject
Project("{FAE04EC0-301F-11D3-BF4B-00C04F79EFBC}") = "02. AverageStudentGrades", "02. AverageStudentGrades\02. AverageStudentGrades.csproj", "{C441FE2D-1EC6-4887-BA47-11EA72E1F4DB}"
EndProject
Project("{FAE04EC0-301F-11D3-BF4B-00C04F79EFBC}") = "03. Largest3Numbers", "03. Largest3Numbers\03. Largest3Numbers.csproj", "{465807C6-4A1B-4CCA-9761-ADE24D98CF0B}"
EndProject
Project("{FAE04EC0-301F-11D3-BF4B-00C04F79EFBC}") = "04. ProductShop", "04. ProductShop\04. ProductShop.csproj", "{D05BD7BF-E12F-496B-A197-2FD9D1F056B3}"
EndProject
Project("{FAE04EC0-301F-11D3-BF4B-00C04F79EFBC}") = "05. CitiesByContinentAndCountry", "05. CitiesByContinentAndCountry\05. CitiesByContinentAndCountry.csproj", "{E506D5A0-9BEF-4A6B-BF80-94D9C251EF0A}"
EndProject
Project("{FAE04EC0-301F-11D3-BF4B-00C04F79EFBC}") = "06. RecordUniqueNames", "06. RecordUniqueNames\06. RecordUniqueNames.csproj", "{CFD40944-0972-48E6-A7C0-895392EBFA1C}"
EndProject
Project("{FAE04EC0-301F-11D3-BF4B-00C04F79EFBC}") = "07. ParkingLot", "07. ParkingLot\07. ParkingLot.csproj", "{328BCBE3-2F66-4D4F-9419-645141ADF125}"
EndProject
Project("{FAE04EC0-301F-11D3-BF4B-00C04F79EFBC}") = "08. SoftUniParty", "08. SoftUniParty\08. SoftUniParty.csproj", "{C0298C24-121E-4BB6-B7B7-3DA6B583BFBB}"
EndProject
Project("{FAE04EC0-301F-11D3-BF4B-00C04F79EFBC}") = "E01. UniqueUsernames", "2.1. UniqueUsernames\E01. UniqueUsernames.csproj", "{CB2C0035-2D15-49F8-AA7C-5EC767E616F3}"
EndProject
Project("{FAE04EC0-301F-11D3-BF4B-00C04F79EFBC}") = "E02. SetsOfElements", "2.2. SetsOfElements\E02. SetsOfElements.csproj", "{238C9B43-7183-4739-8D6B-84A5E75E1A9B}"
EndProject
Project("{FAE04EC0-301F-11D3-BF4B-00C04F79EFBC}") = "E03. PeriodicTable", "E03. PeriodicTable\E03. PeriodicTable.csproj", "{BA674902-1E1B-465D-BD70-A3F27A3023A8}"
EndProject
Project("{FAE04EC0-301F-11D3-BF4B-00C04F79EFBC}") = "E04. Even Times", "E04. Even Times\E04. Even Times.csproj", "{E60A5A8A-4602-472C-A12F-47AE8AB4120A}"
EndProject
Project("{FAE04EC0-301F-11D3-BF4B-00C04F79EFBC}") = "E05. CountSymbols", "E05. CountSymbols\E05. CountSymbols.csproj", "{D730573C-A9CE-4E3F-AA9E-CC063CBDC705}"
EndProject
Project("{FAE04EC0-301F-11D3-BF4B-00C04F79EFBC}") = "E06. Wardrobe", "E06. Wardrobe\E06. Wardrobe.csproj", "{724BA6E1-81EF-4872-A03A-DB352FD4DEDD}"
EndProject
Project("{FAE04EC0-301F-11D3-BF4B-00C04F79EFBC}") = "E07. The V-Logger", "E07. The V-Logger\E07. The V-Logger.csproj", "{E180B330-D3FB-4553-9FA8-1F8B3D037A6A}"
EndProject
Project("{FAE04EC0-301F-11D3-BF4B-00C04F79EFBC}") = "E08. Ranking", "E08. Ranking\E08. Ranking.csproj", "{FD6CA45C-7D40-4856-B6F8-04080090B1E8}"
EndProject
Project("{FAE04EC0-301F-11D3-BF4B-00C04F79EFBC}") = "09. SoftUni Exam Results", "09. SoftUni Exam Results\09. SoftUni Exam Results.csproj", "{D2747B7C-CF27-4152-B50E-70E3B3D2858B}"
EndProject
Global
	GlobalSection(SolutionConfigurationPlatforms) = preSolution
		Debug|Any CPU = Debug|Any CPU
		Release|Any CPU = Release|Any CPU
	EndGlobalSection
	GlobalSection(ProjectConfigurationPlatforms) = postSolution
		{4E9C9E28-B668-4FF2-B077-1243C511F705}.Debug|Any CPU.ActiveCfg = Debug|Any CPU
		{4E9C9E28-B668-4FF2-B077-1243C511F705}.Debug|Any CPU.Build.0 = Debug|Any CPU
		{4E9C9E28-B668-4FF2-B077-1243C511F705}.Release|Any CPU.ActiveCfg = Release|Any CPU
		{4E9C9E28-B668-4FF2-B077-1243C511F705}.Release|Any CPU.Build.0 = Release|Any CPU
		{C441FE2D-1EC6-4887-BA47-11EA72E1F4DB}.Debug|Any CPU.ActiveCfg = Debug|Any CPU
		{C441FE2D-1EC6-4887-BA47-11EA72E1F4DB}.Debug|Any CPU.Build.0 = Debug|Any CPU
		{C441FE2D-1EC6-4887-BA47-11EA72E1F4DB}.Release|Any CPU.ActiveCfg = Release|Any CPU
		{C441FE2D-1EC6-4887-BA47-11EA72E1F4DB}.Release|Any CPU.Build.0 = Release|Any CPU
		{465807C6-4A1B-4CCA-9761-ADE24D98CF0B}.Debug|Any CPU.ActiveCfg = Debug|Any CPU
		{465807C6-4A1B-4CCA-9761-ADE24D98CF0B}.Debug|Any CPU.Build.0 = Debug|Any CPU
		{465807C6-4A1B-4CCA-9761-ADE24D98CF0B}.Release|Any CPU.ActiveCfg = Release|Any CPU
		{465807C6-4A1B-4CCA-9761-ADE24D98CF0B}.Release|Any CPU.Build.0 = Release|Any CPU
		{D05BD7BF-E12F-496B-A197-2FD9D1F056B3}.Debug|Any CPU.ActiveCfg = Debug|Any CPU
		{D05BD7BF-E12F-496B-A197-2FD9D1F056B3}.Debug|Any CPU.Build.0 = Debug|Any CPU
		{D05BD7BF-E12F-496B-A197-2FD9D1F056B3}.Release|Any CPU.ActiveCfg = Release|Any CPU
		{D05BD7BF-E12F-496B-A197-2FD9D1F056B3}.Release|Any CPU.Build.0 = Release|Any CPU
		{E506D5A0-9BEF-4A6B-BF80-94D9C251EF0A}.Debug|Any CPU.ActiveCfg = Debug|Any CPU
		{E506D5A0-9BEF-4A6B-BF80-94D9C251EF0A}.Debug|Any CPU.Build.0 = Debug|Any CPU
		{E506D5A0-9BEF-4A6B-BF80-94D9C251EF0A}.Release|Any CPU.ActiveCfg = Release|Any CPU
		{E506D5A0-9BEF-4A6B-BF80-94D9C251EF0A}.Release|Any CPU.Build.0 = Release|Any CPU
		{CFD40944-0972-48E6-A7C0-895392EBFA1C}.Debug|Any CPU.ActiveCfg = Debug|Any CPU
		{CFD40944-0972-48E6-A7C0-895392EBFA1C}.Debug|Any CPU.Build.0 = Debug|Any CPU
		{CFD40944-0972-48E6-A7C0-895392EBFA1C}.Release|Any CPU.ActiveCfg = Release|Any CPU
		{CFD40944-0972-48E6-A7C0-895392EBFA1C}.Release|Any CPU.Build.0 = Release|Any CPU
		{328BCBE3-2F66-4D4F-9419-645141ADF125}.Debug|Any CPU.ActiveCfg = Debug|Any CPU
		{328BCBE3-2F66-4D4F-9419-645141ADF125}.Debug|Any CPU.Build.0 = Debug|Any CPU
		{328BCBE3-2F66-4D4F-9419-645141ADF125}.Release|Any CPU.ActiveCfg = Release|Any CPU
		{328BCBE3-2F66-4D4F-9419-645141ADF125}.Release|Any CPU.Build.0 = Release|Any CPU
		{C0298C24-121E-4BB6-B7B7-3DA6B583BFBB}.Debug|Any CPU.ActiveCfg = Debug|Any CPU
		{C0298C24-121E-4BB6-B7B7-3DA6B583BFBB}.Debug|Any CPU.Build.0 = Debug|Any CPU
		{C0298C24-121E-4BB6-B7B7-3DA6B583BFBB}.Release|Any CPU.ActiveCfg = Release|Any CPU
		{C0298C24-121E-4BB6-B7B7-3DA6B583BFBB}.Release|Any CPU.Build.0 = Release|Any CPU
		{CB2C0035-2D15-49F8-AA7C-5EC767E616F3}.Debug|Any CPU.ActiveCfg = Debug|Any CPU
		{CB2C0035-2D15-49F8-AA7C-5EC767E616F3}.Debug|Any CPU.Build.0 = Debug|Any CPU
		{CB2C0035-2D15-49F8-AA7C-5EC767E616F3}.Release|Any CPU.ActiveCfg = Release|Any CPU
		{CB2C0035-2D15-49F8-AA7C-5EC767E616F3}.Release|Any CPU.Build.0 = Release|Any CPU
		{238C9B43-7183-4739-8D6B-84A5E75E1A9B}.Debug|Any CPU.ActiveCfg = Debug|Any CPU
		{238C9B43-7183-4739-8D6B-84A5E75E1A9B}.Debug|Any CPU.Build.0 = Debug|Any CPU
		{238C9B43-7183-4739-8D6B-84A5E75E1A9B}.Release|Any CPU.ActiveCfg = Release|Any CPU
		{238C9B43-7183-4739-8D6B-84A5E75E1A9B}.Release|Any CPU.Build.0 = Release|Any CPU
		{BA674902-1E1B-465D-BD70-A3F27A3023A8}.Debug|Any CPU.ActiveCfg = Debug|Any CPU
		{BA674902-1E1B-465D-BD70-A3F27A3023A8}.Debug|Any CPU.Build.0 = Debug|Any CPU
		{BA674902-1E1B-465D-BD70-A3F27A3023A8}.Release|Any CPU.ActiveCfg = Release|Any CPU
		{BA674902-1E1B-465D-BD70-A3F27A3023A8}.Release|Any CPU.Build.0 = Release|Any CPU
		{E60A5A8A-4602-472C-A12F-47AE8AB4120A}.Debug|Any CPU.ActiveCfg = Debug|Any CPU
		{E60A5A8A-4602-472C-A12F-47AE8AB4120A}.Debug|Any CPU.Build.0 = Debug|Any CPU
		{E60A5A8A-4602-472C-A12F-47AE8AB4120A}.Release|Any CPU.ActiveCfg = Release|Any CPU
		{E60A5A8A-4602-472C-A12F-47AE8AB4120A}.Release|Any CPU.Build.0 = Release|Any CPU
		{D730573C-A9CE-4E3F-AA9E-CC063CBDC705}.Debug|Any CPU.ActiveCfg = Debug|Any CPU
		{D730573C-A9CE-4E3F-AA9E-CC063CBDC705}.Debug|Any CPU.Build.0 = Debug|Any CPU
		{D730573C-A9CE-4E3F-AA9E-CC063CBDC705}.Release|Any CPU.ActiveCfg = Release|Any CPU
		{D730573C-A9CE-4E3F-AA9E-CC063CBDC705}.Release|Any CPU.Build.0 = Release|Any CPU
		{724BA6E1-81EF-4872-A03A-DB352FD4DEDD}.Debug|Any CPU.ActiveCfg = Debug|Any CPU
		{724BA6E1-81EF-4872-A03A-DB352FD4DEDD}.Debug|Any CPU.Build.0 = Debug|Any CPU
		{724BA6E1-81EF-4872-A03A-DB352FD4DEDD}.Release|Any CPU.ActiveCfg = Release|Any CPU
		{724BA6E1-81EF-4872-A03A-DB352FD4DEDD}.Release|Any CPU.Build.0 = Release|Any CPU
		{E180B330-D3FB-4553-9FA8-1F8B3D037A6A}.Debug|Any CPU.ActiveCfg = Debug|Any CPU
		{E180B330-D3FB-4553-9FA8-1F8B3D037A6A}.Debug|Any CPU.Build.0 = Debug|Any CPU
		{E180B330-D3FB-4553-9FA8-1F8B3D037A6A}.Release|Any CPU.ActiveCfg = Release|Any CPU
		{E180B330-D3FB-4553-9FA8-1F8B3D037A6A}.Release|Any CPU.Build.0 = Release|Any CPU
		{FD6CA45C-7D40-4856-B6F8-04080090B1E8}.Debug|Any CPU.ActiveCfg = Debug|Any CPU
		{FD6CA45C-7D40-4856-B6F8-04080090B1E8}.Debug|Any CPU.Build.0 = Debug|Any CPU
		{FD6CA45C-7D40-4856-B6F8-04080090B1E8}.Release|Any CPU.ActiveCfg = Release|Any CPU
		{FD6CA45C-7D40-4856-B6F8-04080090B1E8}.Release|Any CPU.Build.0 = Release|Any CPU
		{D2747B7C-CF27-4152-B50E-70E3B3D2858B}.Debug|Any CPU.ActiveCfg = Debug|Any CPU
		{D2747B7C-CF27-4152-B50E-70E3B3D2858B}.Debug|Any CPU.Build.0 = Debug|Any CPU
		{D2747B7C-CF27-4152-B50E-70E3B3D2858B}.Release|Any CPU.ActiveCfg = Release|Any CPU
		{D2747B7C-CF27-4152-B50E-70E3B3D2858B}.Release|Any CPU.Build.0 = Release|Any CPU
	EndGlobalSection
	GlobalSection(SolutionProperties) = preSolution
		HideSolutionNode = FALSE
	EndGlobalSection
	GlobalSection(ExtensibilityGlobals) = postSolution
		SolutionGuid = {3D94B8B1-8618-46B9-BFF2-0AE479DC69DB}
	EndGlobalSection
EndGlobal
